
Microsoft Visual Studio Solution File, Format Version 12.00
# Visual Studio Version 17
VisualStudioVersion = 17.13.35931.197
MinimumVisualStudioVersion = 10.0.40219.1
Project("{2150E333-8FDC-42A3-9474-1A3956D46DE8}") = "Bootstrapper", "Bootstrapper", "{02EA681E-C7D8-13C7-8484-4AC65E1B71E8}"
EndProject
Project("{2150E333-8FDC-42A3-9474-1A3956D46DE8}") = "Modules", "Modules", "{CC0B0C89-267F-4D0D-9DCE-DFAC0208C1D0}"
EndProject
Project("{2150E333-8FDC-42A3-9474-1A3956D46DE8}") = "Shared", "Shared", "{F3AA32B6-5A13-4652-B203-30F3BBF35616}"
EndProject
Project("{FAE04EC0-301F-11D3-BF4B-00C04F79EFBC}") = "Api", "Bootstrapper\Api\Api.csproj", "{310898C4-D5B5-458F-9B3B-7D61DA2B30C5}"
EndProject
Project("{2150E333-8FDC-42A3-9474-1A3956D46DE8}") = "Catalog", "Catalog", "{43DBF5CE-3CFE-4721-9235-4E7D73421F5E}"
EndProject
Project("{2150E333-8FDC-42A3-9474-1A3956D46DE8}") = "Basket", "Basket", "{8AA0364C-A16F-4A30-A680-BD10B3F8C9DE}"
EndProject
Project("{2150E333-8FDC-42A3-9474-1A3956D46DE8}") = "Ordering", "Ordering", "{5FAAEDBC-3AFF-4C9B-8C35-6B5184B9E759}"
EndProject
Project("{FAE04EC0-301F-11D3-BF4B-00C04F79EFBC}") = "Catalog", "Modules\Catalog\Catalog\Catalog.csproj", "{6DFA9726-45DE-483A-9BA6-AB3EE49EDFD7}"
EndProject
Project("{FAE04EC0-301F-11D3-BF4B-00C04F79EFBC}") = "Basket", "Modules\Basket\Basket\Basket.csproj", "{F5B4DCDB-5EC3-4144-A05F-185C830C1EDE}"
EndProject
Project("{FAE04EC0-301F-11D3-BF4B-00C04F79EFBC}") = "Ordering", "Modules\Ordering\Ordering\Ordering.csproj", "{DC8B3365-0A09-4D7B-9676-8D6CDAB14B7F}"
EndProject
Project("{FAE04EC0-301F-11D3-BF4B-00C04F79EFBC}") = "Shared", "Shared\Shared\Shared.csproj", "{2EE2A7AC-8D70-49DD-A19A-0BDB0C66D79F}"
EndProject
Global
	GlobalSection(SolutionConfigurationPlatforms) = preSolution
		Debug|Any CPU = Debug|Any CPU
		Release|Any CPU = Release|Any CPU
	EndGlobalSection
	GlobalSection(ProjectConfigurationPlatforms) = postSolution
		{310898C4-D5B5-458F-9B3B-7D61DA2B30C5}.Debug|Any CPU.ActiveCfg = Debug|Any CPU
		{310898C4-D5B5-458F-9B3B-7D61DA2B30C5}.Debug|Any CPU.Build.0 = Debug|Any CPU
		{310898C4-D5B5-458F-9B3B-7D61DA2B30C5}.Release|Any CPU.ActiveCfg = Release|Any CPU
		{310898C4-D5B5-458F-9B3B-7D61DA2B30C5}.Release|Any CPU.Build.0 = Release|Any CPU
		{6DFA9726-45DE-483A-9BA6-AB3EE49EDFD7}.Debug|Any CPU.ActiveCfg = Debug|Any CPU
		{6DFA9726-45DE-483A-9BA6-AB3EE49EDFD7}.Debug|Any CPU.Build.0 = Debug|Any CPU
		{6DFA9726-45DE-483A-9BA6-AB3EE49EDFD7}.Release|Any CPU.ActiveCfg = Release|Any CPU
		{6DFA9726-45DE-483A-9BA6-AB3EE49EDFD7}.Release|Any CPU.Build.0 = Release|Any CPU
		{F5B4DCDB-5EC3-4144-A05F-185C830C1EDE}.Debug|Any CPU.ActiveCfg = Debug|Any CPU
		{F5B4DCDB-5EC3-4144-A05F-185C830C1EDE}.Debug|Any CPU.Build.0 = Debug|Any CPU
		{F5B4DCDB-5EC3-4144-A05F-185C830C1EDE}.Release|Any CPU.ActiveCfg = Release|Any CPU
		{F5B4DCDB-5EC3-4144-A05F-185C830C1EDE}.Release|Any CPU.Build.0 = Release|Any CPU
		{DC8B3365-0A09-4D7B-9676-8D6CDAB14B7F}.Debug|Any CPU.ActiveCfg = Debug|Any CPU
		{DC8B3365-0A09-4D7B-9676-8D6CDAB14B7F}.Debug|Any CPU.Build.0 = Debug|Any CPU
		{DC8B3365-0A09-4D7B-9676-8D6CDAB14B7F}.Release|Any CPU.ActiveCfg = Release|Any CPU
		{DC8B3365-0A09-4D7B-9676-8D6CDAB14B7F}.Release|Any CPU.Build.0 = Release|Any CPU
		{2EE2A7AC-8D70-49DD-A19A-0BDB0C66D79F}.Debug|Any CPU.ActiveCfg = Debug|Any CPU
		{2EE2A7AC-8D70-49DD-A19A-0BDB0C66D79F}.Debug|Any CPU.Build.0 = Debug|Any CPU
		{2EE2A7AC-8D70-49DD-A19A-0BDB0C66D79F}.Release|Any CPU.ActiveCfg = Release|Any CPU
		{2EE2A7AC-8D70-49DD-A19A-0BDB0C66D79F}.Release|Any CPU.Build.0 = Release|Any CPU
	EndGlobalSection
	GlobalSection(SolutionProperties) = preSolution
		HideSolutionNode = FALSE
	EndGlobalSection
	GlobalSection(NestedProjects) = preSolution
		{310898C4-D5B5-458F-9B3B-7D61DA2B30C5} = {02EA681E-C7D8-13C7-8484-4AC65E1B71E8}
		{43DBF5CE-3CFE-4721-9235-4E7D73421F5E} = {CC0B0C89-267F-4D0D-9DCE-DFAC0208C1D0}
		{8AA0364C-A16F-4A30-A680-BD10B3F8C9DE} = {CC0B0C89-267F-4D0D-9DCE-DFAC0208C1D0}
		{5FAAEDBC-3AFF-4C9B-8C35-6B5184B9E759} = {CC0B0C89-267F-4D0D-9DCE-DFAC0208C1D0}
		{6DFA9726-45DE-483A-9BA6-AB3EE49EDFD7} = {43DBF5CE-3CFE-4721-9235-4E7D73421F5E}
		{F5B4DCDB-5EC3-4144-A05F-185C830C1EDE} = {8AA0364C-A16F-4A30-A680-BD10B3F8C9DE}
		{DC8B3365-0A09-4D7B-9676-8D6CDAB14B7F} = {5FAAEDBC-3AFF-4C9B-8C35-6B5184B9E759}
		{2EE2A7AC-8D70-49DD-A19A-0BDB0C66D79F} = {F3AA32B6-5A13-4652-B203-30F3BBF35616}
	EndGlobalSection
	GlobalSection(ExtensibilityGlobals) = postSolution
		SolutionGuid = {4E911711-5097-4D2D-B0B0-1216F2BEB348}
	EndGlobalSection
EndGlobal
